
Microsoft Visual Studio Solution File, Format Version 12.00
# Visual Studio 2012
Project("{FAE04EC0-301F-11D3-BF4B-00C04F79EFBC}") = "michael.iOS", "iOS\michael.iOS.csproj", "{049A0735-53F0-4CA1-9956-BB46ACD6A7BC}"
EndProject
Project("{FAE04EC0-301F-11D3-BF4B-00C04F79EFBC}") = "michael.Droid", "Droid\michael.Droid.csproj", "{F7AB4E42-E72F-484C-AF64-288AF95D1F0E}"
EndProject
Project("{FAE04EC0-301F-11D3-BF4B-00C04F79EFBC}") = "michael", "michael\michael.csproj", "{2E277D0D-2B15-4C0E-99B0-615F006AF313}"
EndProject
Project("{FAE04EC0-301F-11D3-BF4B-00C04F79EFBC}") = "michael.iOS.Test", "michael.iOS.Test\michael.iOS.Test.csproj", "{34C39D04-B227-4324-8D08-F2D5248B92E5}"
EndProject
Project("{FAE04EC0-301F-11D3-BF4B-00C04F79EFBC}") = "michael.Droid.Test", "michael.Android.Test\michael.Droid.Test.csproj", "{49FE96E1-3BB0-4D06-BD76-FE3D5867DAF7}"
EndProject
Global
	GlobalSection(SolutionConfigurationPlatforms) = preSolution
		Debug|iPhoneSimulator = Debug|iPhoneSimulator
		Release|iPhone = Release|iPhone
		Release|iPhoneSimulator = Release|iPhoneSimulator
		Debug|iPhone = Debug|iPhone
		Debug|Any CPU = Debug|Any CPU
		Release|Any CPU = Release|Any CPU
	EndGlobalSection
	GlobalSection(ProjectConfigurationPlatforms) = postSolution
		{049A0735-53F0-4CA1-9956-BB46ACD6A7BC}.Debug|Any CPU.ActiveCfg = Debug|iPhoneSimulator
		{049A0735-53F0-4CA1-9956-BB46ACD6A7BC}.Debug|Any CPU.Build.0 = Debug|iPhoneSimulator
		{049A0735-53F0-4CA1-9956-BB46ACD6A7BC}.Debug|iPhone.ActiveCfg = Debug|iPhone
		{049A0735-53F0-4CA1-9956-BB46ACD6A7BC}.Debug|iPhone.Build.0 = Debug|iPhone
		{049A0735-53F0-4CA1-9956-BB46ACD6A7BC}.Debug|iPhoneSimulator.ActiveCfg = Debug|iPhoneSimulator
		{049A0735-53F0-4CA1-9956-BB46ACD6A7BC}.Debug|iPhoneSimulator.Build.0 = Debug|iPhoneSimulator
		{049A0735-53F0-4CA1-9956-BB46ACD6A7BC}.Release|Any CPU.ActiveCfg = Release|iPhone
		{049A0735-53F0-4CA1-9956-BB46ACD6A7BC}.Release|Any CPU.Build.0 = Release|iPhone
		{049A0735-53F0-4CA1-9956-BB46ACD6A7BC}.Release|iPhone.ActiveCfg = Release|iPhone
		{049A0735-53F0-4CA1-9956-BB46ACD6A7BC}.Release|iPhone.Build.0 = Release|iPhone
		{049A0735-53F0-4CA1-9956-BB46ACD6A7BC}.Release|iPhoneSimulator.ActiveCfg = Release|iPhoneSimulator
		{049A0735-53F0-4CA1-9956-BB46ACD6A7BC}.Release|iPhoneSimulator.Build.0 = Release|iPhoneSimulator
		{2E277D0D-2B15-4C0E-99B0-615F006AF313}.Debug|Any CPU.ActiveCfg = Debug|Any CPU
		{2E277D0D-2B15-4C0E-99B0-615F006AF313}.Debug|Any CPU.Build.0 = Debug|Any CPU
		{2E277D0D-2B15-4C0E-99B0-615F006AF313}.Debug|iPhone.ActiveCfg = Debug|Any CPU
		{2E277D0D-2B15-4C0E-99B0-615F006AF313}.Debug|iPhone.Build.0 = Debug|Any CPU
		{2E277D0D-2B15-4C0E-99B0-615F006AF313}.Debug|iPhoneSimulator.ActiveCfg = Debug|Any CPU
		{2E277D0D-2B15-4C0E-99B0-615F006AF313}.Debug|iPhoneSimulator.Build.0 = Debug|Any CPU
		{2E277D0D-2B15-4C0E-99B0-615F006AF313}.Release|Any CPU.ActiveCfg = Release|Any CPU
		{2E277D0D-2B15-4C0E-99B0-615F006AF313}.Release|Any CPU.Build.0 = Release|Any CPU
		{2E277D0D-2B15-4C0E-99B0-615F006AF313}.Release|iPhone.ActiveCfg = Release|Any CPU
		{2E277D0D-2B15-4C0E-99B0-615F006AF313}.Release|iPhone.Build.0 = Release|Any CPU
		{2E277D0D-2B15-4C0E-99B0-615F006AF313}.Release|iPhoneSimulator.ActiveCfg = Release|Any CPU
		{2E277D0D-2B15-4C0E-99B0-615F006AF313}.Release|iPhoneSimulator.Build.0 = Release|Any CPU
		{34C39D04-B227-4324-8D08-F2D5248B92E5}.Debug|Any CPU.ActiveCfg = Debug|iPhoneSimulator
		{34C39D04-B227-4324-8D08-F2D5248B92E5}.Debug|Any CPU.Build.0 = Debug|iPhoneSimulator
		{34C39D04-B227-4324-8D08-F2D5248B92E5}.Debug|iPhone.ActiveCfg = Debug|iPhone
		{34C39D04-B227-4324-8D08-F2D5248B92E5}.Debug|iPhone.Build.0 = Debug|iPhone
		{34C39D04-B227-4324-8D08-F2D5248B92E5}.Debug|iPhoneSimulator.ActiveCfg = Debug|iPhoneSimulator
		{34C39D04-B227-4324-8D08-F2D5248B92E5}.Debug|iPhoneSimulator.Build.0 = Debug|iPhoneSimulator
		{34C39D04-B227-4324-8D08-F2D5248B92E5}.Release|Any CPU.ActiveCfg = Release|iPhone
		{34C39D04-B227-4324-8D08-F2D5248B92E5}.Release|Any CPU.Build.0 = Release|iPhone
		{34C39D04-B227-4324-8D08-F2D5248B92E5}.Release|iPhone.ActiveCfg = Release|iPhone
		{34C39D04-B227-4324-8D08-F2D5248B92E5}.Release|iPhone.Build.0 = Release|iPhone
		{34C39D04-B227-4324-8D08-F2D5248B92E5}.Release|iPhoneSimulator.ActiveCfg = Release|iPhoneSimulator
		{34C39D04-B227-4324-8D08-F2D5248B92E5}.Release|iPhoneSimulator.Build.0 = Release|iPhoneSimulator
		{49FE96E1-3BB0-4D06-BD76-FE3D5867DAF7}.Debug|Any CPU.ActiveCfg = Debug|Any CPU
		{49FE96E1-3BB0-4D06-BD76-FE3D5867DAF7}.Debug|Any CPU.Build.0 = Debug|Any CPU
		{49FE96E1-3BB0-4D06-BD76-FE3D5867DAF7}.Debug|iPhone.ActiveCfg = Debug|Any CPU
		{49FE96E1-3BB0-4D06-BD76-FE3D5867DAF7}.Debug|iPhone.Build.0 = Debug|Any CPU
		{49FE96E1-3BB0-4D06-BD76-FE3D5867DAF7}.Debug|iPhoneSimulator.ActiveCfg = Debug|Any CPU
		{49FE96E1-3BB0-4D06-BD76-FE3D5867DAF7}.Debug|iPhoneSimulator.Build.0 = Debug|Any CPU
		{49FE96E1-3BB0-4D06-BD76-FE3D5867DAF7}.Release|Any CPU.ActiveCfg = Release|Any CPU
		{49FE96E1-3BB0-4D06-BD76-FE3D5867DAF7}.Release|Any CPU.Build.0 = Release|Any CPU
		{49FE96E1-3BB0-4D06-BD76-FE3D5867DAF7}.Release|iPhone.ActiveCfg = Release|Any CPU
		{49FE96E1-3BB0-4D06-BD76-FE3D5867DAF7}.Release|iPhone.Build.0 = Release|Any CPU
		{49FE96E1-3BB0-4D06-BD76-FE3D5867DAF7}.Release|iPhoneSimulator.ActiveCfg = Release|Any CPU
		{49FE96E1-3BB0-4D06-BD76-FE3D5867DAF7}.Release|iPhoneSimulator.Build.0 = Release|Any CPU
		{F7AB4E42-E72F-484C-AF64-288AF95D1F0E}.Debug|Any CPU.ActiveCfg = Debug|Any CPU
		{F7AB4E42-E72F-484C-AF64-288AF95D1F0E}.Debug|Any CPU.Build.0 = Debug|Any CPU
		{F7AB4E42-E72F-484C-AF64-288AF95D1F0E}.Debug|iPhone.ActiveCfg = Debug|Any CPU
		{F7AB4E42-E72F-484C-AF64-288AF95D1F0E}.Debug|iPhone.Build.0 = Debug|Any CPU
		{F7AB4E42-E72F-484C-AF64-288AF95D1F0E}.Debug|iPhoneSimulator.ActiveCfg = Debug|Any CPU
		{F7AB4E42-E72F-484C-AF64-288AF95D1F0E}.Debug|iPhoneSimulator.Build.0 = Debug|Any CPU
		{F7AB4E42-E72F-484C-AF64-288AF95D1F0E}.Release|Any CPU.ActiveCfg = Release|Any CPU
		{F7AB4E42-E72F-484C-AF64-288AF95D1F0E}.Release|Any CPU.Build.0 = Release|Any CPU
		{F7AB4E42-E72F-484C-AF64-288AF95D1F0E}.Release|iPhone.ActiveCfg = Release|Any CPU
		{F7AB4E42-E72F-484C-AF64-288AF95D1F0E}.Release|iPhone.Build.0 = Release|Any CPU
		{F7AB4E42-E72F-484C-AF64-288AF95D1F0E}.Release|iPhoneSimulator.ActiveCfg = Release|Any CPU
		{F7AB4E42-E72F-484C-AF64-288AF95D1F0E}.Release|iPhoneSimulator.Build.0 = Release|Any CPU
	EndGlobalSection
EndGlobal
